
Microsoft Visual Studio Solution File, Format Version 12.00
# Visual Studio 15
VisualStudioVersion = 15.0.28307.902
MinimumVisualStudioVersion = 10.0.40219.1
Project("{8BC9CEB8-8B4A-11D0-8D11-00A0C91BC942}") = "Chess(Console)", "Chess(Console)\Chess(Console).vcxproj", "{6094898D-8516-471E-9C1E-EA5CBD3C6B56}"
EndProject
Project("{8BC9CEB8-8B4A-11D0-8D11-00A0C91BC942}") = "UnitTest_Chess", "UnitTest_Chess\UnitTest_Chess.vcxproj", "{ABF4E255-18FD-4418-ADF4-99A43A45C648}"
EndProject
Global
	GlobalSection(SolutionConfigurationPlatforms) = preSolution
		Debug|x64 = Debug|x64
		Debug|x86 = Debug|x86
		Release|x64 = Release|x64
		Release|x86 = Release|x86
	EndGlobalSection
	GlobalSection(ProjectConfigurationPlatforms) = postSolution
		{6094898D-8516-471E-9C1E-EA5CBD3C6B56}.Debug|x64.ActiveCfg = Debug|x64
		{6094898D-8516-471E-9C1E-EA5CBD3C6B56}.Debug|x64.Build.0 = Debug|x64
		{6094898D-8516-471E-9C1E-EA5CBD3C6B56}.Debug|x86.ActiveCfg = Debug|Win32
		{6094898D-8516-471E-9C1E-EA5CBD3C6B56}.Debug|x86.Build.0 = Debug|Win32
		{6094898D-8516-471E-9C1E-EA5CBD3C6B56}.Release|x64.ActiveCfg = Release|x64
		{6094898D-8516-471E-9C1E-EA5CBD3C6B56}.Release|x64.Build.0 = Release|x64
		{6094898D-8516-471E-9C1E-EA5CBD3C6B56}.Release|x86.ActiveCfg = Release|Win32
		{6094898D-8516-471E-9C1E-EA5CBD3C6B56}.Release|x86.Build.0 = Release|Win32
		{ABF4E255-18FD-4418-ADF4-99A43A45C648}.Debug|x64.ActiveCfg = Debug|x64
		{ABF4E255-18FD-4418-ADF4-99A43A45C648}.Debug|x64.Build.0 = Debug|x64
		{ABF4E255-18FD-4418-ADF4-99A43A45C648}.Debug|x86.ActiveCfg = Debug|Win32
		{ABF4E255-18FD-4418-ADF4-99A43A45C648}.Debug|x86.Build.0 = Debug|Win32
		{ABF4E255-18FD-4418-ADF4-99A43A45C648}.Release|x64.ActiveCfg = Release|x64
		{ABF4E255-18FD-4418-ADF4-99A43A45C648}.Release|x64.Build.0 = Release|x64
		{ABF4E255-18FD-4418-ADF4-99A43A45C648}.Release|x86.ActiveCfg = Release|Win32
		{ABF4E255-18FD-4418-ADF4-99A43A45C648}.Release|x86.Build.0 = Release|Win32
	EndGlobalSection
	GlobalSection(SolutionProperties) = preSolution
		HideSolutionNode = FALSE
	EndGlobalSection
	GlobalSection(ExtensibilityGlobals) = postSolution
		SolutionGuid = {DABB56E4-A5D7-42BF-875C-493CF435C97F}
	EndGlobalSection
EndGlobal
